
Microsoft Visual Studio Solution File, Format Version 12.00
# Visual Studio Version 17
VisualStudioVersion = 17.0.31903.59
MinimumVisualStudioVersion = 10.0.40219.1
Project("{FAE04EC0-301F-11D3-BF4B-00C04F79EFBC}") = "API", "API\API.csproj", "{A27EC08D-353A-4B03-AE55-CD7A27A1A644}"
EndProject
Project("{FAE04EC0-301F-11D3-BF4B-00C04F79EFBC}") = "Core", "Core\Core.csproj", "{17FCFE10-3C45-442E-B1F2-C27A2C7C9C50}"
EndProject
Project("{FAE04EC0-301F-11D3-BF4B-00C04F79EFBC}") = "Infrastructure", "Infrastructure\Infrastructure.csproj", "{71E8D5AD-51DB-43E4-B811-99D6C54EBED0}"
EndProject
Global
	GlobalSection(SolutionConfigurationPlatforms) = preSolution
		Debug|Any CPU = Debug|Any CPU
		Release|Any CPU = Release|Any CPU
	EndGlobalSection
	GlobalSection(SolutionProperties) = preSolution
		HideSolutionNode = FALSE
	EndGlobalSection
	GlobalSection(ProjectConfigurationPlatforms) = postSolution
		{A27EC08D-353A-4B03-AE55-CD7A27A1A644}.Debug|Any CPU.ActiveCfg = Debug|Any CPU
		{A27EC08D-353A-4B03-AE55-CD7A27A1A644}.Debug|Any CPU.Build.0 = Debug|Any CPU
		{A27EC08D-353A-4B03-AE55-CD7A27A1A644}.Release|Any CPU.ActiveCfg = Release|Any CPU
		{A27EC08D-353A-4B03-AE55-CD7A27A1A644}.Release|Any CPU.Build.0 = Release|Any CPU
		{17FCFE10-3C45-442E-B1F2-C27A2C7C9C50}.Debug|Any CPU.ActiveCfg = Debug|Any CPU
		{17FCFE10-3C45-442E-B1F2-C27A2C7C9C50}.Debug|Any CPU.Build.0 = Debug|Any CPU
		{17FCFE10-3C45-442E-B1F2-C27A2C7C9C50}.Release|Any CPU.ActiveCfg = Release|Any CPU
		{17FCFE10-3C45-442E-B1F2-C27A2C7C9C50}.Release|Any CPU.Build.0 = Release|Any CPU
		{71E8D5AD-51DB-43E4-B811-99D6C54EBED0}.Debug|Any CPU.ActiveCfg = Debug|Any CPU
		{71E8D5AD-51DB-43E4-B811-99D6C54EBED0}.Debug|Any CPU.Build.0 = Debug|Any CPU
		{71E8D5AD-51DB-43E4-B811-99D6C54EBED0}.Release|Any CPU.ActiveCfg = Release|Any CPU
		{71E8D5AD-51DB-43E4-B811-99D6C54EBED0}.Release|Any CPU.Build.0 = Release|Any CPU
	EndGlobalSection
EndGlobal
